
Microsoft Visual Studio Solution File, Format Version 12.00
# Visual Studio Version 16
VisualStudioVersion = 16.0.31424.327
MinimumVisualStudioVersion = 10.0.40219.1
Project("{9A19103F-16F7-4668-BE54-9A1E7A4F7556}") = "Game.TestApp", "Game.TestApp\Game.TestApp.csproj", "{5A6545DA-9885-404B-ACA8-93459F10781F}"
EndProject
Project("{9A19103F-16F7-4668-BE54-9A1E7A4F7556}") = "Game.Model", "Game.Model\Game.Model.csproj", "{63E2CEC1-7C83-4D66-A944-8FE5041F2191}"
EndProject
Project("{9A19103F-16F7-4668-BE54-9A1E7A4F7556}") = "Game.Lib", "Game.Lib\Game.Lib.csproj", "{164782DA-62C0-4F65-8149-87F1B7C1D29E}"
EndProject
Global
	GlobalSection(SolutionConfigurationPlatforms) = preSolution
		Debug|Any CPU = Debug|Any CPU
		Release|Any CPU = Release|Any CPU
	EndGlobalSection
	GlobalSection(ProjectConfigurationPlatforms) = postSolution
		{5A6545DA-9885-404B-ACA8-93459F10781F}.Debug|Any CPU.ActiveCfg = Debug|Any CPU
		{5A6545DA-9885-404B-ACA8-93459F10781F}.Debug|Any CPU.Build.0 = Debug|Any CPU
		{5A6545DA-9885-404B-ACA8-93459F10781F}.Release|Any CPU.ActiveCfg = Release|Any CPU
		{5A6545DA-9885-404B-ACA8-93459F10781F}.Release|Any CPU.Build.0 = Release|Any CPU
		{63E2CEC1-7C83-4D66-A944-8FE5041F2191}.Debug|Any CPU.ActiveCfg = Debug|Any CPU
		{63E2CEC1-7C83-4D66-A944-8FE5041F2191}.Debug|Any CPU.Build.0 = Debug|Any CPU
		{63E2CEC1-7C83-4D66-A944-8FE5041F2191}.Release|Any CPU.ActiveCfg = Release|Any CPU
		{63E2CEC1-7C83-4D66-A944-8FE5041F2191}.Release|Any CPU.Build.0 = Release|Any CPU
		{164782DA-62C0-4F65-8149-87F1B7C1D29E}.Debug|Any CPU.ActiveCfg = Debug|Any CPU
		{164782DA-62C0-4F65-8149-87F1B7C1D29E}.Debug|Any CPU.Build.0 = Debug|Any CPU
		{164782DA-62C0-4F65-8149-87F1B7C1D29E}.Release|Any CPU.ActiveCfg = Release|Any CPU
		{164782DA-62C0-4F65-8149-87F1B7C1D29E}.Release|Any CPU.Build.0 = Release|Any CPU
	EndGlobalSection
	GlobalSection(SolutionProperties) = preSolution
		HideSolutionNode = FALSE
	EndGlobalSection
	GlobalSection(ExtensibilityGlobals) = postSolution
		SolutionGuid = {81590527-898F-4AB0-909A-A3609959AF7B}
	EndGlobalSection
EndGlobal
